
Microsoft Visual Studio Solution File, Format Version 12.00
# Visual Studio Version 17
VisualStudioVersion = 17.4.33403.182
MinimumVisualStudioVersion = 10.0.40219.1
Project("{FAE04EC0-301F-11D3-BF4B-00C04F79EFBC}") = "CadastroContatos", "CadastroContatos\CadastroContatos.csproj", "{FA6DECE3-BE77-455E-87CC-C5165C882D8D}"
EndProject
Global
	GlobalSection(SolutionConfigurationPlatforms) = preSolution
		Debug|Any CPU = Debug|Any CPU
		Release|Any CPU = Release|Any CPU
	EndGlobalSection
	GlobalSection(ProjectConfigurationPlatforms) = postSolution
		{FA6DECE3-BE77-455E-87CC-C5165C882D8D}.Debug|Any CPU.ActiveCfg = Debug|Any CPU
		{FA6DECE3-BE77-455E-87CC-C5165C882D8D}.Debug|Any CPU.Build.0 = Debug|Any CPU
		{FA6DECE3-BE77-455E-87CC-C5165C882D8D}.Release|Any CPU.ActiveCfg = Release|Any CPU
		{FA6DECE3-BE77-455E-87CC-C5165C882D8D}.Release|Any CPU.Build.0 = Release|Any CPU
	EndGlobalSection
	GlobalSection(SolutionProperties) = preSolution
		HideSolutionNode = FALSE
	EndGlobalSection
	GlobalSection(ExtensibilityGlobals) = postSolution
		SolutionGuid = {C40E2198-6642-4B72-B933-34253755BD93}
	EndGlobalSection
EndGlobal
